# THIS IS AN AUTOGENERATED FILE. DO NOT EDIT THIS FILE DIRECTLY.
# yarn lockfile v1


"@vant/weapp@^1.5.2":
  version "1.6.1"
  resolved "https://registry.yarnpkg.com/@vant/weapp/-/weapp-1.6.1.tgz#01c6f395c0a67f56b8caae36a551d268b1fe0605"
  integrity sha512-HkQHodqmSPB0bTILo5DnM/avkpeSBfQHo42kN4HJa504SCNIc2DoF0VrAl/CaZB+2DMrElnEnM+//vf5rENtNQ==

apifm-wxapi@^3.20.0:
  version "3.20.0"
  resolved "https://registry.yarnpkg.com/apifm-wxapi/-/apifm-wxapi-3.20.0.tgz#673f5925ea367670344b957e450ad4a592c84121"
  integrity sha512-VTlVLTPkqY+0xampNfxt/DCY8gUGBLJiwta9B2QgOWZEfOqSDWz5utV4E68CgFX8swA7dNYgvEPMMSq4ct6w0Q==

wxa-plugin-canvas@^1.1.12:
  version "1.1.12"
  resolved "https://registry.yarnpkg.com/wxa-plugin-canvas/-/wxa-plugin-canvas-1.1.12.tgz#639a9857e4849ca6bac3552c96d5441beb9e28f6"
  integrity sha512-iMmGFjXYminWm/yni0n/MprSUReAQpIL9LWLsJfr0Na/pt4Chzs2VbLsEtflZx11qtrDcfM7+1eCgj1ju6TN4w==

wxbarcode@^1.0.2:
  version "1.0.2"
  resolved "https://registry.yarnpkg.com/wxbarcode/-/wxbarcode-1.0.2.tgz#ce02e348ff006301d9201776d6c9f5ad901314b5"
  integrity sha1-zgLjSP8AYwHZIBd21sn1rZATFLU=
